
Microsoft Visual Studio Solution File, Format Version 12.00
# Visual Studio Version 16
VisualStudioVersion = 16.0.31410.357
MinimumVisualStudioVersion = 10.0.40219.1
Project("{FAE04EC0-301F-11D3-BF4B-00C04F79EFBC}") = "WebApplication1", "WebApplication1\WebApplication1.csproj", "{32A0BF25-9097-4694-B227-FA6E1364D74A}"
EndProject
Global
	GlobalSection(SolutionConfigurationPlatforms) = preSolution
		Debug|Any CPU = Debug|Any CPU
		Release|Any CPU = Release|Any CPU
	EndGlobalSection
	GlobalSection(ProjectConfigurationPlatforms) = postSolution
		{32A0BF25-9097-4694-B227-FA6E1364D74A}.Debug|Any CPU.ActiveCfg = Debug|Any CPU
		{32A0BF25-9097-4694-B227-FA6E1364D74A}.Debug|Any CPU.Build.0 = Debug|Any CPU
		{32A0BF25-9097-4694-B227-FA6E1364D74A}.Release|Any CPU.ActiveCfg = Release|Any CPU
		{32A0BF25-9097-4694-B227-FA6E1364D74A}.Release|Any CPU.Build.0 = Release|Any CPU
	EndGlobalSection
	GlobalSection(SolutionProperties) = preSolution
		HideSolutionNode = FALSE
	EndGlobalSection
	GlobalSection(ExtensibilityGlobals) = postSolution
		SolutionGuid = {CB16FB74-5AF1-4CF0-A2FC-1123BF815410}
	EndGlobalSection
EndGlobal
